
Microsoft Visual Studio Solution File, Format Version 12.00
# Visual Studio 15
VisualStudioVersion = 15.0.27130.2036
MinimumVisualStudioVersion = 10.0.40219.1
Project("{E24C65DC-7377-472B-9ABA-BC803B73C61A}") = "BootstrapIntro", "BootstrapIntro\", "{E6E91F73-468E-4F74-8E20-A1CCEFAF1535}"
	ProjectSection(WebsiteProperties) = preProject
		TargetFrameworkMoniker = ".NETFramework,Version%3Dv4.6.1"
		Debug.AspNetCompiler.VirtualPath = "/localhost_64114"
		Debug.AspNetCompiler.PhysicalPath = "BootstrapIntro\"
		Debug.AspNetCompiler.TargetPath = "PrecompiledWeb\localhost_64114\"
		Debug.AspNetCompiler.Updateable = "true"
		Debug.AspNetCompiler.ForceOverwrite = "true"
		Debug.AspNetCompiler.FixedNames = "false"
		Debug.AspNetCompiler.Debug = "True"
		Release.AspNetCompiler.VirtualPath = "/localhost_64114"
		Release.AspNetCompiler.PhysicalPath = "BootstrapIntro\"
		Release.AspNetCompiler.TargetPath = "PrecompiledWeb\localhost_64114\"
		Release.AspNetCompiler.Updateable = "true"
		Release.AspNetCompiler.ForceOverwrite = "true"
		Release.AspNetCompiler.FixedNames = "false"
		Release.AspNetCompiler.Debug = "False"
		VWDPort = "64114"
		SlnRelativePath = "BootstrapIntro\"
		DefaultWebSiteLanguage = "Visual C#"
	EndProjectSection
EndProject
Global
	GlobalSection(SolutionConfigurationPlatforms) = preSolution
		Debug|Any CPU = Debug|Any CPU
	EndGlobalSection
	GlobalSection(ProjectConfigurationPlatforms) = postSolution
		{E6E91F73-468E-4F74-8E20-A1CCEFAF1535}.Debug|Any CPU.ActiveCfg = Debug|Any CPU
		{E6E91F73-468E-4F74-8E20-A1CCEFAF1535}.Debug|Any CPU.Build.0 = Debug|Any CPU
	EndGlobalSection
	GlobalSection(SolutionProperties) = preSolution
		HideSolutionNode = FALSE
	EndGlobalSection
	GlobalSection(ExtensibilityGlobals) = postSolution
		SolutionGuid = {E14AF901-3DE3-40DD-9846-9EDB6EBBFD6C}
	EndGlobalSection
EndGlobal
